
Microsoft Visual Studio Solution File, Format Version 12.00
# Visual Studio 2013
VisualStudioVersion = 12.0.40629.0
MinimumVisualStudioVersion = 10.0.40219.1
Project("{8BC9CEB8-8B4A-11D0-8D11-00A0C91BC942}") = "tankwar", "tankwar\tankwar.vcxproj", "{9F63EA55-B5C9-45AB-94D3-797247F9134C}"
EndProject
Global
	GlobalSection(SolutionConfigurationPlatforms) = preSolution
		Debug|Win32 = Debug|Win32
		Release|Win32 = Release|Win32
	EndGlobalSection
	GlobalSection(ProjectConfigurationPlatforms) = postSolution
		{9F63EA55-B5C9-45AB-94D3-797247F9134C}.Debug|Win32.ActiveCfg = Debug|Win32
		{9F63EA55-B5C9-45AB-94D3-797247F9134C}.Debug|Win32.Build.0 = Debug|Win32
		{9F63EA55-B5C9-45AB-94D3-797247F9134C}.Release|Win32.ActiveCfg = Release|Win32
		{9F63EA55-B5C9-45AB-94D3-797247F9134C}.Release|Win32.Build.0 = Release|Win32
	EndGlobalSection
	GlobalSection(SolutionProperties) = preSolution
		HideSolutionNode = FALSE
	EndGlobalSection
EndGlobal
